
Microsoft Visual Studio Solution File, Format Version 12.00
# Visual Studio Version 17
VisualStudioVersion = 17.0.31903.59
MinimumVisualStudioVersion = 10.0.40219.1
Project("{8BC9CEB8-8B4A-11D0-8D11-00A0C91BC942}") = "lta1lib", "lta1lib.vcxproj", "{E7DE042E-258C-46BC-A8E5-501D8EDFD633}"
EndProject
Global
	GlobalSection(SolutionConfigurationPlatforms) = preSolution
		Debug|x64 = Debug|x64
		Debug|x86 = Debug|x86
		Release|x64 = Release|x64
		Release|x86 = Release|x86
	EndGlobalSection
	GlobalSection(ProjectConfigurationPlatforms) = postSolution
		{E7DE042E-258C-46BC-A8E5-501D8EDFD633}.Debug|x64.ActiveCfg = Debug|x64
		{E7DE042E-258C-46BC-A8E5-501D8EDFD633}.Debug|x64.Build.0 = Debug|x64
		{E7DE042E-258C-46BC-A8E5-501D8EDFD633}.Debug|x86.ActiveCfg = Debug|Win32
		{E7DE042E-258C-46BC-A8E5-501D8EDFD633}.Debug|x86.Build.0 = Debug|Win32
		{E7DE042E-258C-46BC-A8E5-501D8EDFD633}.Release|x64.ActiveCfg = Release|x64
		{E7DE042E-258C-46BC-A8E5-501D8EDFD633}.Release|x64.Build.0 = Release|x64
		{E7DE042E-258C-46BC-A8E5-501D8EDFD633}.Release|x86.ActiveCfg = Release|Win32
		{E7DE042E-258C-46BC-A8E5-501D8EDFD633}.Release|x86.Build.0 = Release|Win32
	EndGlobalSection
	GlobalSection(SolutionProperties) = preSolution
		HideSolutionNode = FALSE
	EndGlobalSection
	GlobalSection(ExtensibilityGlobals) = postSolution
		SolutionGuid = {94582FB7-6AF7-410C-83F6-EB695F1A1337}
	EndGlobalSection
EndGlobal
