
Microsoft Visual Studio Solution File, Format Version 12.00
# Visual Studio Version 16
VisualStudioVersion = 16.0.30907.101
MinimumVisualStudioVersion = 10.0.40219.1
Project("{8BC9CEB8-8B4A-11D0-8D11-00A0C91BC942}") = "p2gen64", "p2gen64.vcxproj", "{5762D3EA-62EB-4E51-BB26-B6DE6EEEEFC1}"
EndProject
Global
	GlobalSection(SolutionConfigurationPlatforms) = preSolution
		Debug|x64 = Debug|x64
		Release|x64 = Release|x64
	EndGlobalSection
	GlobalSection(ProjectConfigurationPlatforms) = postSolution
		{5762D3EA-62EB-4E51-BB26-B6DE6EEEEFC1}.Debug|x64.ActiveCfg = Debug|x64
		{5762D3EA-62EB-4E51-BB26-B6DE6EEEEFC1}.Debug|x64.Build.0 = Debug|x64
		{5762D3EA-62EB-4E51-BB26-B6DE6EEEEFC1}.Release|x64.ActiveCfg = Release|x64
		{5762D3EA-62EB-4E51-BB26-B6DE6EEEEFC1}.Release|x64.Build.0 = Release|x64
	EndGlobalSection
	GlobalSection(SolutionProperties) = preSolution
		HideSolutionNode = FALSE
	EndGlobalSection
	GlobalSection(ExtensibilityGlobals) = postSolution
		SolutionGuid = {8B3F06C1-F4EE-4AB1-8194-2B5923DCEEC7}
	EndGlobalSection
EndGlobal
